
Microsoft Visual Studio Solution File, Format Version 12.00
# Visual Studio 15
VisualStudioVersion = 15.0.28010.2046
MinimumVisualStudioVersion = 10.0.40219.1
Project("{FAE04EC0-301F-11D3-BF4B-00C04F79EFBC}") = "Whs.Adfs", "Whs.Adfs\Whs.Adfs.csproj", "{26B5D36D-6DAD-451D-999A-0EA5AF629CEA}"
EndProject
Global
	GlobalSection(SolutionConfigurationPlatforms) = preSolution
		Debug|Any CPU = Debug|Any CPU
		Release|Any CPU = Release|Any CPU
	EndGlobalSection
	GlobalSection(ProjectConfigurationPlatforms) = postSolution
		{26B5D36D-6DAD-451D-999A-0EA5AF629CEA}.Debug|Any CPU.ActiveCfg = Debug|Any CPU
		{26B5D36D-6DAD-451D-999A-0EA5AF629CEA}.Debug|Any CPU.Build.0 = Debug|Any CPU
		{26B5D36D-6DAD-451D-999A-0EA5AF629CEA}.Release|Any CPU.ActiveCfg = Release|Any CPU
		{26B5D36D-6DAD-451D-999A-0EA5AF629CEA}.Release|Any CPU.Build.0 = Release|Any CPU
	EndGlobalSection
	GlobalSection(SolutionProperties) = preSolution
		HideSolutionNode = FALSE
	EndGlobalSection
	GlobalSection(ExtensibilityGlobals) = postSolution
		SolutionGuid = {B07190C3-8FC6-4378-AB7B-5736B24830DD}
	EndGlobalSection
EndGlobal
